
Microsoft Visual Studio Solution File, Format Version 12.00
# Visual Studio Version 17
VisualStudioVersion = 17.14.36327.8 d17.14
MinimumVisualStudioVersion = 10.0.40219.1
Project("{FAE04EC0-301F-11D3-BF4B-00C04F79EFBC}") = "Classic_Pong", "Classic_Pong\Classic_Pong.csproj", "{FF43A1AF-EE1C-44D5-A6BE-9DA3A2DAF5D5}"
EndProject
Global
	GlobalSection(SolutionConfigurationPlatforms) = preSolution
		Debug|Any CPU = Debug|Any CPU
		Release|Any CPU = Release|Any CPU
	EndGlobalSection
	GlobalSection(ProjectConfigurationPlatforms) = postSolution
		{FF43A1AF-EE1C-44D5-A6BE-9DA3A2DAF5D5}.Debug|Any CPU.ActiveCfg = Debug|Any CPU
		{FF43A1AF-EE1C-44D5-A6BE-9DA3A2DAF5D5}.Debug|Any CPU.Build.0 = Debug|Any CPU
		{FF43A1AF-EE1C-44D5-A6BE-9DA3A2DAF5D5}.Release|Any CPU.ActiveCfg = Release|Any CPU
		{FF43A1AF-EE1C-44D5-A6BE-9DA3A2DAF5D5}.Release|Any CPU.Build.0 = Release|Any CPU
	EndGlobalSection
	GlobalSection(SolutionProperties) = preSolution
		HideSolutionNode = FALSE
	EndGlobalSection
	GlobalSection(ExtensibilityGlobals) = postSolution
		SolutionGuid = {32FD465E-0961-4F28-BE93-A9921777CEF1}
	EndGlobalSection
EndGlobal
